
Microsoft Visual Studio Solution File, Format Version 12.00
# Visual Studio Version 17
VisualStudioVersion = 17.2.32616.157
MinimumVisualStudioVersion = 10.0.40219.1
Project("{FAE04EC0-301F-11D3-BF4B-00C04F79EFBC}") = "Sample", "Sample.csproj", "{C296B7A0-CD57-4954-9310-03050BF52F36}"
EndProject
Global
	GlobalSection(SolutionConfigurationPlatforms) = preSolution
		Debug|Any CPU = Debug|Any CPU
		Release|Any CPU = Release|Any CPU
	EndGlobalSection
	GlobalSection(ProjectConfigurationPlatforms) = postSolution
		{C296B7A0-CD57-4954-9310-03050BF52F36}.Debug|Any CPU.ActiveCfg = Debug|Any CPU
		{C296B7A0-CD57-4954-9310-03050BF52F36}.Debug|Any CPU.Build.0 = Debug|Any CPU
		{C296B7A0-CD57-4954-9310-03050BF52F36}.Release|Any CPU.ActiveCfg = Release|Any CPU
		{C296B7A0-CD57-4954-9310-03050BF52F36}.Release|Any CPU.Build.0 = Release|Any CPU
	EndGlobalSection
	GlobalSection(SolutionProperties) = preSolution
		HideSolutionNode = FALSE
	EndGlobalSection
	GlobalSection(ExtensibilityGlobals) = postSolution
		SolutionGuid = {E697387C-5460-4393-AFAF-1C4660E8CC81}
	EndGlobalSection
EndGlobal
